
Microsoft Visual Studio Solution File, Format Version 12.00
# Visual Studio Version 17
VisualStudioVersion = 17.6.33829.357
MinimumVisualStudioVersion = 10.0.40219.1
Project("{2150E333-8FDC-42A3-9474-1A3956D46DE8}") = "Integration", "Integration", "{34573C7F-E1FC-46F3-9DCC-436DB29ECBCC}"
EndProject
Project("{2150E333-8FDC-42A3-9474-1A3956D46DE8}") = "Services", "Services", "{7298D6B4-0DE0-430C-BC77-3A9724A0AAE8}"
EndProject
Project("{9A19103F-16F7-4668-BE54-9A1E7A4F7556}") = "SocialMedia_Auth", "SocialMedia_Auth\SocialMedia_Auth.csproj", "{449F130A-C95B-4DE3-8FD0-5A1A611BEA80}"
EndProject
Project("{9A19103F-16F7-4668-BE54-9A1E7A4F7556}") = "SocialMedia_Post", "SocialMedia_Post\SocialMedia_Post.csproj", "{32300746-3956-41BA-847F-7DAA2B80D175}"
EndProject
Project("{9A19103F-16F7-4668-BE54-9A1E7A4F7556}") = "SocilaMedia_Comment", "SocilaMedia_Comment\SocilaMedia_Comment.csproj", "{1A85B68D-7DAE-4E63-94E8-49F4FDD7D828}"
EndProject
Project("{FAE04EC0-301F-11D3-BF4B-00C04F79EFBC}") = "SocialMediaMessageApp", "SocialMediaMessageApp\SocialMediaMessageApp.csproj", "{B1942447-ADFE-458A-A109-0BC0E5EA749B}"
EndProject
Project("{FAE04EC0-301F-11D3-BF4B-00C04F79EFBC}") = "SocialMedia_Email", "SocialMedia_Email\SocialMedia_Email.csproj", "{30BB0625-98E7-4B3B-882C-F5BE19D49CC0}"
EndProject
Global
	GlobalSection(SolutionConfigurationPlatforms) = preSolution
		Debug|Any CPU = Debug|Any CPU
		Release|Any CPU = Release|Any CPU
	EndGlobalSection
	GlobalSection(ProjectConfigurationPlatforms) = postSolution
		{449F130A-C95B-4DE3-8FD0-5A1A611BEA80}.Debug|Any CPU.ActiveCfg = Debug|Any CPU
		{449F130A-C95B-4DE3-8FD0-5A1A611BEA80}.Debug|Any CPU.Build.0 = Debug|Any CPU
		{449F130A-C95B-4DE3-8FD0-5A1A611BEA80}.Release|Any CPU.ActiveCfg = Release|Any CPU
		{449F130A-C95B-4DE3-8FD0-5A1A611BEA80}.Release|Any CPU.Build.0 = Release|Any CPU
		{32300746-3956-41BA-847F-7DAA2B80D175}.Debug|Any CPU.ActiveCfg = Debug|Any CPU
		{32300746-3956-41BA-847F-7DAA2B80D175}.Debug|Any CPU.Build.0 = Debug|Any CPU
		{32300746-3956-41BA-847F-7DAA2B80D175}.Release|Any CPU.ActiveCfg = Release|Any CPU
		{32300746-3956-41BA-847F-7DAA2B80D175}.Release|Any CPU.Build.0 = Release|Any CPU
		{1A85B68D-7DAE-4E63-94E8-49F4FDD7D828}.Debug|Any CPU.ActiveCfg = Debug|Any CPU
		{1A85B68D-7DAE-4E63-94E8-49F4FDD7D828}.Debug|Any CPU.Build.0 = Debug|Any CPU
		{1A85B68D-7DAE-4E63-94E8-49F4FDD7D828}.Release|Any CPU.ActiveCfg = Release|Any CPU
		{1A85B68D-7DAE-4E63-94E8-49F4FDD7D828}.Release|Any CPU.Build.0 = Release|Any CPU
		{B1942447-ADFE-458A-A109-0BC0E5EA749B}.Debug|Any CPU.ActiveCfg = Debug|Any CPU
		{B1942447-ADFE-458A-A109-0BC0E5EA749B}.Debug|Any CPU.Build.0 = Debug|Any CPU
		{B1942447-ADFE-458A-A109-0BC0E5EA749B}.Release|Any CPU.ActiveCfg = Release|Any CPU
		{B1942447-ADFE-458A-A109-0BC0E5EA749B}.Release|Any CPU.Build.0 = Release|Any CPU
		{30BB0625-98E7-4B3B-882C-F5BE19D49CC0}.Debug|Any CPU.ActiveCfg = Debug|Any CPU
		{30BB0625-98E7-4B3B-882C-F5BE19D49CC0}.Debug|Any CPU.Build.0 = Debug|Any CPU
		{30BB0625-98E7-4B3B-882C-F5BE19D49CC0}.Release|Any CPU.ActiveCfg = Release|Any CPU
		{30BB0625-98E7-4B3B-882C-F5BE19D49CC0}.Release|Any CPU.Build.0 = Release|Any CPU
	EndGlobalSection
	GlobalSection(SolutionProperties) = preSolution
		HideSolutionNode = FALSE
	EndGlobalSection
	GlobalSection(NestedProjects) = preSolution
		{449F130A-C95B-4DE3-8FD0-5A1A611BEA80} = {7298D6B4-0DE0-430C-BC77-3A9724A0AAE8}
		{32300746-3956-41BA-847F-7DAA2B80D175} = {7298D6B4-0DE0-430C-BC77-3A9724A0AAE8}
		{1A85B68D-7DAE-4E63-94E8-49F4FDD7D828} = {7298D6B4-0DE0-430C-BC77-3A9724A0AAE8}
		{B1942447-ADFE-458A-A109-0BC0E5EA749B} = {34573C7F-E1FC-46F3-9DCC-436DB29ECBCC}
		{30BB0625-98E7-4B3B-882C-F5BE19D49CC0} = {7298D6B4-0DE0-430C-BC77-3A9724A0AAE8}
	EndGlobalSection
	GlobalSection(ExtensibilityGlobals) = postSolution
		SolutionGuid = {AC036936-9593-4FF3-8413-97BEB1FF681B}
	EndGlobalSection
EndGlobal
